
Microsoft Visual Studio Solution File, Format Version 12.00
# Visual Studio 15
VisualStudioVersion = 15.0.28010.2036
MinimumVisualStudioVersion = 10.0.40219.1
Project("{FAE04EC0-301F-11D3-BF4B-00C04F79EFBC}") = "NewJSON", "NewJSON\NewJSON.csproj", "{4C348750-3243-46F8-9C12-4D29F4EC18CC}"
EndProject
Global
	GlobalSection(SolutionConfigurationPlatforms) = preSolution
		Debug|Any CPU = Debug|Any CPU
		Release|Any CPU = Release|Any CPU
	EndGlobalSection
	GlobalSection(ProjectConfigurationPlatforms) = postSolution
		{4C348750-3243-46F8-9C12-4D29F4EC18CC}.Debug|Any CPU.ActiveCfg = Debug|Any CPU
		{4C348750-3243-46F8-9C12-4D29F4EC18CC}.Debug|Any CPU.Build.0 = Debug|Any CPU
		{4C348750-3243-46F8-9C12-4D29F4EC18CC}.Release|Any CPU.ActiveCfg = Release|Any CPU
		{4C348750-3243-46F8-9C12-4D29F4EC18CC}.Release|Any CPU.Build.0 = Release|Any CPU
	EndGlobalSection
	GlobalSection(SolutionProperties) = preSolution
		HideSolutionNode = FALSE
	EndGlobalSection
	GlobalSection(ExtensibilityGlobals) = postSolution
		SolutionGuid = {78B454D1-07E0-4E45-B532-45F1127EF508}
	EndGlobalSection
EndGlobal
